<?xml version="1.0" encoding="utf-8"?>
<Project ToolsVersion="4.0" xmlns="http://schemas.microsoft.com/developer/msbuild/2003">
  <ItemGroup>
    <Filter Include="src">
      <UniqueIdentifier>{c7e9788e-aaa9-4a23-80c7-8b9fae995722}</UniqueIdentifier>
      <Extensions>h;cpp</Extensions>
    </Filter>
    <Filter Include="src\audio">
      <UniqueIdentifier>{7a88a899-1852-4dcf-831e-5c182bfecb53}</UniqueIdentifier>
    </Filter>
    <Filter Include="src\concurrency">
      <UniqueIdentifier>{2d2462b6-2fcc-4916-8e21-810ee30a834e}</UniqueIdentifier>
    </Filter>
    <Filter Include="src\mainloop">
      <UniqueIdentifier>{956679a1-2adf-4f5f-955d-9127f2d1f48c}</UniqueIdentifier>
    </Filter>
    <Filter Include="src\utils">
      <UniqueIdentifier>{15de6231-e213-432f-8528-c38fd0e043ff}</UniqueIdentifier>
    </Filter>
    <Filter Include="src\os">
      <UniqueIdentifier>{9995f74e-a8fb-4108-bdbf-f329c5658300}</UniqueIdentifier>
    </Filter>
    <Filter Include="src\input">
      <UniqueIdentifier>{b2f16c7c-a4a4-46a9-8453-452249db4f8e}</UniqueIdentifier>
    </Filter>
    <Filter Include="src\config">
      <UniqueIdentifier>{c2a350eb-0de3-426f-8255-ebca9662b011}</UniqueIdentifier>
    </Filter>
    <Filter Include="src\debugging">
      <UniqueIdentifier>{c7ded794-6261-4c19-b482-bf65d9880a68}</UniqueIdentifier>
    </Filter>
    <Filter Include="src\events">
      <UniqueIdentifier>{59060c71-de79-4f3a-b756-40172990d440}</UniqueIdentifier>
    </Filter>
    <Filter Include="src\datastructures">
      <UniqueIdentifier>{a245580d-28f3-4ce0-80c6-ea2559481d39}</UniqueIdentifier>
    </Filter>
    <Filter Include="src\target">
      <UniqueIdentifier>{4479fd0b-0b87-4f06-a187-a9af01f16945}</UniqueIdentifier>
    </Filter>
    <Filter Include="src\ui">
      <UniqueIdentifier>{7ed3df38-58a9-439a-bffe-56e6dab1fcec}</UniqueIdentifier>
    </Filter>
    <Filter Include="src\graphics">
      <UniqueIdentifier>{c7a90ab7-be7b-4ad6-9c2c-a5c207f62577}</UniqueIdentifier>
    </Filter>
  </ItemGroup>
  <ItemGroup>
    <ClCompile Include="pch.cpp">
      <Filter>src</Filter>
    </ClCompile>
    <ClCompile Include="..\..\audio\AudioWin.cpp">
      <Filter>src\audio</Filter>
    </ClCompile>
    <ClCompile Include="..\..\audio\AudioBase.cpp">
      <Filter>src\audio</Filter>
    </ClCompile>
    <ClCompile Include="..\..\concurrency\ThreadWin.cpp">
      <Filter>src\concurrency</Filter>
    </ClCompile>
    <ClCompile Include="..\..\mainloop\ProcessBase.cpp">
      <Filter>src\mainloop</Filter>
    </ClCompile>
    <ClCompile Include="..\..\mainloop\ProcessManager.cpp">
      <Filter>src\mainloop</Filter>
    </ClCompile>
    <ClCompile Include="..\..\utils\CommandLine.cpp">
      <Filter>src\utils</Filter>
    </ClCompile>
    <ClCompile Include="..\..\utils\ScopedComInitializerWin.cpp">
      <Filter>src\utils</Filter>
    </ClCompile>
    <ClCompile Include="..\..\utils\FileWin.cpp">
      <Filter>src\utils</Filter>
    </ClCompile>
    <ClCompile Include="..\..\utils\LogWin.cpp">
      <Filter>src\utils</Filter>
    </ClCompile>
    <ClCompile Include="..\..\utils\StringsWin.cpp">
      <Filter>src\utils</Filter>
    </ClCompile>
    <ClCompile Include="..\..\mainloop\MainGameBase.cpp">
      <Filter>src\mainloop</Filter>
    </ClCompile>
    <ClCompile Include="..\..\os\WindowWin.cpp">
      <Filter>src\os</Filter>
    </ClCompile>
    <ClCompile Include="..\..\utils\Timer.cpp">
      <Filter>src\utils</Filter>
    </ClCompile>
    <ClCompile Include="..\..\ManaGlobals.cpp">
      <Filter>src</Filter>
    </ClCompile>
    <ClCompile Include="..\..\audio\AudioFileWin.cpp">
      <Filter>src\audio</Filter>
    </ClCompile>
    <ClCompile Include="..\..\audio\AudioFileBase.cpp">
      <Filter>src\audio</Filter>
    </ClCompile>
    <ClCompile Include="..\..\audio\AudioFileOggWin.cpp">
      <Filter>src\audio</Filter>
    </ClCompile>
    <ClCompile Include="..\..\input\InputBase.cpp">
      <Filter>src\input</Filter>
    </ClCompile>
    <ClCompile Include="..\..\input\InputWin.cpp">
      <Filter>src\input</Filter>
    </ClCompile>
    <ClCompile Include="..\..\config\ConfigManager.cpp">
      <Filter>src\config</Filter>
    </ClCompile>
    <ClCompile Include="..\..\input\RawInputWin.cpp">
      <Filter>src\input</Filter>
    </ClCompile>
    <ClCompile Include="..\..\utils\Memory.cpp">
      <Filter>src\utils</Filter>
    </ClCompile>
    <ClCompile Include="..\..\debugging\DebugWin.cpp">
      <Filter>src\debugging</Filter>
    </ClCompile>
    <ClCompile Include="..\..\events\EventManager.cpp">
      <Filter>src\events</Filter>
    </ClCompile>
    <ClCompile Include="..\..\input\GamepadManagerWin.cpp">
      <Filter>src\input</Filter>
    </ClCompile>
    <ClCompile Include="..\..\input\XInputWin.cpp">
      <Filter>src\input</Filter>
    </ClCompile>
    <ClCompile Include="..\..\concurrency\MutexWin.cpp">
      <Filter>src\concurrency</Filter>
    </ClCompile>
    <ClCompile Include="..\..\concurrency\NamedMutexWin.cpp">
      <Filter>src\concurrency</Filter>
    </ClCompile>
    <ClCompile Include="..\..\ui\SimpleMessageBoxWin.cpp">
      <Filter>src\ui</Filter>
    </ClCompile>
    <ClCompile Include="..\..\graphics\GraphicsDirectX11Win.cpp">
      <Filter>src\graphics</Filter>
    </ClCompile>
    <ClCompile Include="..\..\graphics\GraphicsDeviceDirectX11Win.cpp">
      <Filter>src\graphics</Filter>
    </ClCompile>
    <ClCompile Include="..\..\..\inc\graphics\DirectX11DebugLayer.cpp">
      <Filter>src\graphics</Filter>
    </ClCompile>
    <ClCompile Include="..\..\..\inc\graphics\DirectX11Common.cpp">
      <Filter>src\graphics</Filter>
    </ClCompile>
  </ItemGroup>
  <ItemGroup>
    <ClInclude Include="pch.h">
      <Filter>src</Filter>
    </ClInclude>
    <ClInclude Include="..\..\..\inc\target\OSDefines.h">
      <Filter>src\target</Filter>
    </ClInclude>
    <ClInclude Include="..\..\..\inc\target\TargetOS.h">
      <Filter>src\target</Filter>
    </ClInclude>
    <ClInclude Include="..\..\..\inc\datastructures\SynchronizedQueue.h">
      <Filter>src\datastructures</Filter>
    </ClInclude>
    <ClInclude Include="..\..\..\inc\audio\AudioBase.h">
      <Filter>src\audio</Filter>
    </ClInclude>
    <ClInclude Include="..\..\..\inc\audio\AudioFileBase.h">
      <Filter>src\audio</Filter>
    </ClInclude>
    <ClInclude Include="..\..\..\inc\audio\AudioFileOggWin.h">
      <Filter>src\audio</Filter>
    </ClInclude>
    <ClInclude Include="..\..\..\inc\audio\AudioFileWin.h">
      <Filter>src\audio</Filter>
    </ClInclude>
    <ClInclude Include="..\..\..\inc\audio\AudioWin.h">
      <Filter>src\audio</Filter>
    </ClInclude>
    <ClInclude Include="..\..\..\inc\audio\WorkItemLoadAudio.h">
      <Filter>src\audio</Filter>
    </ClInclude>
    <ClInclude Include="..\..\..\inc\concurrency\IThread.h">
      <Filter>src\concurrency</Filter>
    </ClInclude>
    <ClInclude Include="..\..\..\inc\concurrency\IWorkItem.h">
      <Filter>src\concurrency</Filter>
    </ClInclude>
    <ClInclude Include="..\..\..\inc\config\ConfigManager.h">
      <Filter>src\config</Filter>
    </ClInclude>
    <ClInclude Include="..\..\..\inc\debugging\DebugWin.h">
      <Filter>src\debugging</Filter>
    </ClInclude>
    <ClInclude Include="..\..\..\inc\events\EventManager.h">
      <Filter>src\events</Filter>
    </ClInclude>
    <ClInclude Include="..\..\..\inc\input\GamepadManager.h">
      <Filter>src\input</Filter>
    </ClInclude>
    <ClInclude Include="..\..\..\inc\input\InputBase.h">
      <Filter>src\input</Filter>
    </ClInclude>
    <ClInclude Include="..\..\..\inc\input\InputWin.h">
      <Filter>src\input</Filter>
    </ClInclude>
    <ClInclude Include="..\..\..\inc\input\RawInputWin.h">
      <Filter>src\input</Filter>
    </ClInclude>
    <ClInclude Include="..\..\..\inc\input\XInputWin.h">
      <Filter>src\input</Filter>
    </ClInclude>
    <ClInclude Include="..\..\..\inc\mainloop\ManaGameBase.h">
      <Filter>src\mainloop</Filter>
    </ClInclude>
    <ClInclude Include="..\..\..\inc\mainloop\ProcessBase.h">
      <Filter>src\mainloop</Filter>
    </ClInclude>
    <ClInclude Include="..\..\..\inc\mainloop\ProcessManager.h">
      <Filter>src\mainloop</Filter>
    </ClInclude>
    <ClInclude Include="..\..\..\inc\os\WindowWin.h">
      <Filter>src\os</Filter>
    </ClInclude>
    <ClInclude Include="..\..\..\inc\os\WindowBase.h">
      <Filter>src\os</Filter>
    </ClInclude>
    <ClInclude Include="..\..\..\inc\utils\ScopedComInitializer.h">
      <Filter>src\utils</Filter>
    </ClInclude>
    <ClInclude Include="..\..\..\inc\utils\CommandLine.h">
      <Filter>src\utils</Filter>
    </ClInclude>
    <ClInclude Include="..\..\..\inc\utils\File.h">
      <Filter>src\utils</Filter>
    </ClInclude>
    <ClInclude Include="..\..\..\inc\utils\Log.h">
      <Filter>src\utils</Filter>
    </ClInclude>
    <ClInclude Include="..\..\..\inc\utils\Memory.h">
      <Filter>src\utils</Filter>
    </ClInclude>
    <ClInclude Include="..\..\..\inc\utils\Strings.h">
      <Filter>src\utils</Filter>
    </ClInclude>
    <ClInclude Include="..\..\..\inc\utils\StringTypes.h">
      <Filter>src\utils</Filter>
    </ClInclude>
    <ClInclude Include="..\..\..\inc\utils\Timer.h">
      <Filter>src\utils</Filter>
    </ClInclude>
    <ClInclude Include="..\..\..\inc\ManaGlobals.h">
      <Filter>src</Filter>
    </ClInclude>
    <ClInclude Include="..\..\..\inc\concurrency\Mutex.h">
      <Filter>src\concurrency</Filter>
    </ClInclude>
    <ClInclude Include="..\..\..\inc\concurrency\NamedMutex.h">
      <Filter>src\concurrency</Filter>
    </ClInclude>
    <ClInclude Include="..\..\..\inc\ui\SimpleMessageBox.h">
      <Filter>src\ui</Filter>
    </ClInclude>
    <ClInclude Include="..\..\..\inc\graphics\GraphicsBase.h">
      <Filter>src\graphics</Filter>
    </ClInclude>
    <ClInclude Include="..\..\..\inc\graphics\GraphicsDeviceBase.h">
      <Filter>src\graphics</Filter>
    </ClInclude>
    <ClInclude Include="..\..\..\inc\graphics\GraphicsDirectX11Win.h">
      <Filter>src\graphics</Filter>
    </ClInclude>
    <ClInclude Include="..\..\..\inc\graphics\GraphicsDeviceDirectX11Win.h">
      <Filter>src\graphics</Filter>
    </ClInclude>
    <ClInclude Include="..\..\..\inc\graphics\DirectX11DebugLayer.h">
      <Filter>src\graphics</Filter>
    </ClInclude>
    <ClInclude Include="..\..\..\inc\graphics\DirectX11Common.h">
      <Filter>src\graphics</Filter>
    </ClInclude>
  </ItemGroup>
  <ItemGroup>
    <None Include="packages.config" />
  </ItemGroup>
</Project>