<?xml version="1.0" encoding="utf-8"?>
<Project ToolsVersion="4.0" xmlns="http://schemas.microsoft.com/developer/msbuild/2003">
  <ItemGroup>
    <Filter Include="src">
      <UniqueIdentifier>{c7e9788e-aaa9-4a23-80c7-8b9fae995722}</UniqueIdentifier>
      <Extensions>h;hh;hpp;hxx;h++;hm;inl;inc;ipp;xsd;cpp;c;cc;cxx;c++;cppm;ixx;def;odl;idl;hpj;bat;asm;asmx</Extensions>
    </Filter>
    <Filter Include="inc">
      <UniqueIdentifier>{1016d136-a701-474c-bae5-2d35c47e3e16}</UniqueIdentifier>
    </Filter>
    <Filter Include="inc\base">
      <UniqueIdentifier>{9cdd2a5c-672e-4002-905e-c4bd18547ca9}</UniqueIdentifier>
    </Filter>
    <Filter Include="src\base">
      <UniqueIdentifier>{e3882c85-dc33-40fa-bcfa-0ddc2bc4c46e}</UniqueIdentifier>
    </Filter>
    <Filter Include="inc\target">
      <UniqueIdentifier>{4479fd0b-0b87-4f06-a187-a9af01f16945}</UniqueIdentifier>
    </Filter>
    <Filter Include="inc\audio">
      <UniqueIdentifier>{6e491162-b081-47d3-9802-6a156d12dfb4}</UniqueIdentifier>
    </Filter>
    <Filter Include="src\audio">
      <UniqueIdentifier>{7a88a899-1852-4dcf-831e-5c182bfecb53}</UniqueIdentifier>
    </Filter>
  </ItemGroup>
  <ItemGroup>
    <ClCompile Include="pch.cpp">
      <Filter>src</Filter>
    </ClCompile>
    <ClCompile Include="..\..\audio\AudioWin.cpp">
      <Filter>src\audio</Filter>
    </ClCompile>
    <ClCompile Include="..\..\base\Com.cpp">
      <Filter>src\base</Filter>
    </ClCompile>
    <ClCompile Include="..\..\base\CommandLine.cpp">
      <Filter>src\base</Filter>
    </ClCompile>
    <ClCompile Include="..\..\base\FileWin.cpp">
      <Filter>src\base</Filter>
    </ClCompile>
    <ClCompile Include="..\..\base\LockWin.cpp">
      <Filter>src\base</Filter>
    </ClCompile>
    <ClCompile Include="..\..\base\LogWin.cpp">
      <Filter>src\base</Filter>
    </ClCompile>
    <ClCompile Include="..\..\base\StringsWin.cpp">
      <Filter>src\base</Filter>
    </ClCompile>
    <ClCompile Include="..\..\base\ThreadWin.cpp">
      <Filter>src\base</Filter>
    </ClCompile>
    <ClCompile Include="..\..\audio\AudioBase.cpp">
      <Filter>src\audio</Filter>
    </ClCompile>
  </ItemGroup>
  <ItemGroup>
    <ClInclude Include="pch.h">
      <Filter>src</Filter>
    </ClInclude>
    <ClInclude Include="..\..\..\inc\audio\AudioBase.h">
      <Filter>inc\audio</Filter>
    </ClInclude>
    <ClInclude Include="..\..\..\inc\base\Com.h">
      <Filter>inc\base</Filter>
    </ClInclude>
    <ClInclude Include="..\..\..\inc\base\CommandLine.h">
      <Filter>inc\base</Filter>
    </ClInclude>
    <ClInclude Include="..\..\..\inc\base\File.h">
      <Filter>inc\base</Filter>
    </ClInclude>
    <ClInclude Include="..\..\..\inc\base\SynchronizedQueue.h">
      <Filter>inc\base</Filter>
    </ClInclude>
    <ClInclude Include="..\..\..\inc\base\Lock.h">
      <Filter>inc\base</Filter>
    </ClInclude>
    <ClInclude Include="..\..\..\inc\base\Log.h">
      <Filter>inc\base</Filter>
    </ClInclude>
    <ClInclude Include="..\..\..\inc\base\Strings.h">
      <Filter>inc\base</Filter>
    </ClInclude>
    <ClInclude Include="..\..\..\inc\base\StringTypes.h">
      <Filter>inc\base</Filter>
    </ClInclude>
    <ClInclude Include="..\..\..\inc\ManaGlobals.h">
      <Filter>inc</Filter>
    </ClInclude>
    <ClInclude Include="..\..\..\inc\target\OSDefines.h">
      <Filter>inc\target</Filter>
    </ClInclude>
    <ClInclude Include="..\..\..\inc\target\TargetOS.h">
      <Filter>inc\target</Filter>
    </ClInclude>
    <ClInclude Include="..\..\..\inc\base\IThread.h">
      <Filter>inc\base</Filter>
    </ClInclude>
    <ClInclude Include="..\..\..\inc\base\IWorkItem.h">
      <Filter>inc\base</Filter>
    </ClInclude>
    <ClInclude Include="..\..\..\inc\base\WorkItemLoadAudio.h">
      <Filter>inc\base</Filter>
    </ClInclude>
    <ClInclude Include="..\..\..\inc\audio\AudioWin.h">
      <Filter>inc\audio</Filter>
    </ClInclude>
  </ItemGroup>
  <ItemGroup>
    <None Include="packages.config" />
  </ItemGroup>
</Project>