<?xml version="1.0" encoding="utf-8"?>
<Project ToolsVersion="4.0" xmlns="http://schemas.microsoft.com/developer/msbuild/2003">
  <ItemGroup>
    <Filter Include="src">
      <UniqueIdentifier>{c7e9788e-aaa9-4a23-80c7-8b9fae995722}</UniqueIdentifier>
      <Extensions>h;hh;hpp;hxx;h++;hm;inl;inc;ipp;xsd;cpp;c;cc;cxx;c++;cppm;ixx;def;odl;idl;hpj;bat;asm;asmx</Extensions>
    </Filter>
    <Filter Include="inc">
      <UniqueIdentifier>{1016d136-a701-474c-bae5-2d35c47e3e16}</UniqueIdentifier>
    </Filter>
    <Filter Include="inc\target">
      <UniqueIdentifier>{4479fd0b-0b87-4f06-a187-a9af01f16945}</UniqueIdentifier>
    </Filter>
    <Filter Include="inc\audio">
      <UniqueIdentifier>{6e491162-b081-47d3-9802-6a156d12dfb4}</UniqueIdentifier>
    </Filter>
    <Filter Include="src\audio">
      <UniqueIdentifier>{7a88a899-1852-4dcf-831e-5c182bfecb53}</UniqueIdentifier>
    </Filter>
    <Filter Include="inc\utils">
      <UniqueIdentifier>{35b70756-3f22-44d6-b3d8-d8d5e07020ac}</UniqueIdentifier>
    </Filter>
    <Filter Include="inc\concurrency">
      <UniqueIdentifier>{2cda618d-9c83-4896-986c-17fa8f1c1af1}</UniqueIdentifier>
    </Filter>
    <Filter Include="inc\datastructures">
      <UniqueIdentifier>{a245580d-28f3-4ce0-80c6-ea2559481d39}</UniqueIdentifier>
    </Filter>
    <Filter Include="inc\mainloop">
      <UniqueIdentifier>{16c71184-26ca-4d0d-8ed9-855c92b651f9}</UniqueIdentifier>
    </Filter>
    <Filter Include="src\concurrency">
      <UniqueIdentifier>{2d2462b6-2fcc-4916-8e21-810ee30a834e}</UniqueIdentifier>
    </Filter>
    <Filter Include="src\mainloop">
      <UniqueIdentifier>{956679a1-2adf-4f5f-955d-9127f2d1f48c}</UniqueIdentifier>
    </Filter>
    <Filter Include="src\utils">
      <UniqueIdentifier>{15de6231-e213-432f-8528-c38fd0e043ff}</UniqueIdentifier>
    </Filter>
    <Filter Include="inc\os">
      <UniqueIdentifier>{faf2a6d1-cce6-46f0-ba46-d3e7998eceb1}</UniqueIdentifier>
    </Filter>
    <Filter Include="src\os">
      <UniqueIdentifier>{9995f74e-a8fb-4108-bdbf-f329c5658300}</UniqueIdentifier>
    </Filter>
  </ItemGroup>
  <ItemGroup>
    <ClCompile Include="pch.cpp">
      <Filter>src</Filter>
    </ClCompile>
    <ClCompile Include="..\..\audio\AudioWin.cpp">
      <Filter>src\audio</Filter>
    </ClCompile>
    <ClCompile Include="..\..\audio\AudioBase.cpp">
      <Filter>src\audio</Filter>
    </ClCompile>
    <ClCompile Include="..\..\concurrency\ThreadWin.cpp">
      <Filter>src\concurrency</Filter>
    </ClCompile>
    <ClCompile Include="..\..\mainloop\ProcessBase.cpp">
      <Filter>src\mainloop</Filter>
    </ClCompile>
    <ClCompile Include="..\..\mainloop\ProcessManager.cpp">
      <Filter>src\mainloop</Filter>
    </ClCompile>
    <ClCompile Include="..\..\utils\CommandLine.cpp">
      <Filter>src\utils</Filter>
    </ClCompile>
    <ClCompile Include="..\..\utils\ComWin.cpp">
      <Filter>src\utils</Filter>
    </ClCompile>
    <ClCompile Include="..\..\utils\FileWin.cpp">
      <Filter>src\utils</Filter>
    </ClCompile>
    <ClCompile Include="..\..\utils\LockWin.cpp">
      <Filter>src\utils</Filter>
    </ClCompile>
    <ClCompile Include="..\..\utils\LogWin.cpp">
      <Filter>src\utils</Filter>
    </ClCompile>
    <ClCompile Include="..\..\utils\StringsWin.cpp">
      <Filter>src\utils</Filter>
    </ClCompile>
    <ClCompile Include="..\..\mainloop\MainGameBase.cpp">
      <Filter>src\mainloop</Filter>
    </ClCompile>
    <ClCompile Include="..\..\os\WindowWin.cpp">
      <Filter>src\os</Filter>
    </ClCompile>
  </ItemGroup>
  <ItemGroup>
    <ClInclude Include="pch.h">
      <Filter>src</Filter>
    </ClInclude>
    <ClInclude Include="..\..\..\inc\audio\AudioBase.h">
      <Filter>inc\audio</Filter>
    </ClInclude>
    <ClInclude Include="..\..\..\inc\ManaGlobals.h">
      <Filter>inc</Filter>
    </ClInclude>
    <ClInclude Include="..\..\..\inc\target\OSDefines.h">
      <Filter>inc\target</Filter>
    </ClInclude>
    <ClInclude Include="..\..\..\inc\target\TargetOS.h">
      <Filter>inc\target</Filter>
    </ClInclude>
    <ClInclude Include="..\..\..\inc\audio\AudioWin.h">
      <Filter>inc\audio</Filter>
    </ClInclude>
    <ClInclude Include="..\..\..\inc\utils\CommandLine.h">
      <Filter>inc\utils</Filter>
    </ClInclude>
    <ClInclude Include="..\..\..\inc\utils\File.h">
      <Filter>inc\utils</Filter>
    </ClInclude>
    <ClInclude Include="..\..\..\inc\utils\Lock.h">
      <Filter>inc\utils</Filter>
    </ClInclude>
    <ClInclude Include="..\..\..\inc\utils\Log.h">
      <Filter>inc\utils</Filter>
    </ClInclude>
    <ClInclude Include="..\..\..\inc\utils\Strings.h">
      <Filter>inc\utils</Filter>
    </ClInclude>
    <ClInclude Include="..\..\..\inc\utils\StringTypes.h">
      <Filter>inc\utils</Filter>
    </ClInclude>
    <ClInclude Include="..\..\..\inc\audio\WorkItemLoadAudio.h">
      <Filter>inc\audio</Filter>
    </ClInclude>
    <ClInclude Include="..\..\..\inc\concurrency\IThread.h">
      <Filter>inc\concurrency</Filter>
    </ClInclude>
    <ClInclude Include="..\..\..\inc\concurrency\IWorkItem.h">
      <Filter>inc\concurrency</Filter>
    </ClInclude>
    <ClInclude Include="..\..\..\inc\datastructures\SynchronizedQueue.h">
      <Filter>inc\datastructures</Filter>
    </ClInclude>
    <ClInclude Include="..\..\..\inc\mainloop\ProcessBase.h">
      <Filter>inc\mainloop</Filter>
    </ClInclude>
    <ClInclude Include="..\..\..\inc\mainloop\ProcessManager.h">
      <Filter>inc\mainloop</Filter>
    </ClInclude>
    <ClInclude Include="..\..\..\inc\utils\Com.h">
      <Filter>inc\utils</Filter>
    </ClInclude>
    <ClInclude Include="..\..\..\inc\mainloop\ManaGameBase.h">
      <Filter>inc\mainloop</Filter>
    </ClInclude>
    <ClInclude Include="..\..\..\inc\os\WindowBase.h">
      <Filter>inc\os</Filter>
    </ClInclude>
    <ClInclude Include="..\..\..\inc\os\WindowWin.h">
      <Filter>inc\os</Filter>
    </ClInclude>
  </ItemGroup>
  <ItemGroup>
    <None Include="packages.config" />
  </ItemGroup>
</Project>