<?xml version="1.0" encoding="utf-8"?>
<Project ToolsVersion="4.0" xmlns="http://schemas.microsoft.com/developer/msbuild/2003">
  <ItemGroup>
    <Filter Include="src">
      <UniqueIdentifier>{c7e9788e-aaa9-4a23-80c7-8b9fae995722}</UniqueIdentifier>
      <Extensions>h;hh;hpp;hxx;h++;hm;inl;inc;ipp;xsd;cpp;c;cc;cxx;c++;cppm;ixx;def;odl;idl;hpj;bat;asm;asmx</Extensions>
    </Filter>
    <Filter Include="inc">
      <UniqueIdentifier>{1016d136-a701-474c-bae5-2d35c47e3e16}</UniqueIdentifier>
    </Filter>
    <Filter Include="inc\base">
      <UniqueIdentifier>{9cdd2a5c-672e-4002-905e-c4bd18547ca9}</UniqueIdentifier>
    </Filter>
    <Filter Include="src\base">
      <UniqueIdentifier>{e3882c85-dc33-40fa-bcfa-0ddc2bc4c46e}</UniqueIdentifier>
    </Filter>
    <Filter Include="inc\target">
      <UniqueIdentifier>{4479fd0b-0b87-4f06-a187-a9af01f16945}</UniqueIdentifier>
    </Filter>
    <Filter Include="inc\audio">
      <UniqueIdentifier>{6e491162-b081-47d3-9802-6a156d12dfb4}</UniqueIdentifier>
    </Filter>
    <Filter Include="src\audio">
      <UniqueIdentifier>{7a88a899-1852-4dcf-831e-5c182bfecb53}</UniqueIdentifier>
    </Filter>
  </ItemGroup>
  <ItemGroup>
    <ClCompile Include="pch.cpp">
      <Filter>src</Filter>
    </ClCompile>
    <ClCompile Include="..\..\base\command-line.cpp">
      <Filter>src\base</Filter>
    </ClCompile>
    <ClCompile Include="..\..\base\strings-win.cpp">
      <Filter>src\base</Filter>
    </ClCompile>
    <ClCompile Include="..\..\base\log-win.cpp">
      <Filter>src\base</Filter>
    </ClCompile>
    <ClCompile Include="..\..\base\lock-win.cpp">
      <Filter>src\base</Filter>
    </ClCompile>
    <ClCompile Include="..\..\audio\audio.cpp">
      <Filter>src\audio</Filter>
    </ClCompile>
    <ClCompile Include="..\..\base\com.cpp">
      <Filter>src\base</Filter>
    </ClCompile>
  </ItemGroup>
  <ItemGroup>
    <ClInclude Include="pch.h">
      <Filter>src</Filter>
    </ClInclude>
    <ClInclude Include="..\..\..\inc\base\command-line.h">
      <Filter>inc\base</Filter>
    </ClInclude>
    <ClInclude Include="..\..\..\inc\base\strings.h">
      <Filter>inc\base</Filter>
    </ClInclude>
    <ClInclude Include="..\..\..\inc\target\target-os.h">
      <Filter>inc\target</Filter>
    </ClInclude>
    <ClInclude Include="..\..\..\inc\mana-globals.h">
      <Filter>inc</Filter>
    </ClInclude>
    <ClInclude Include="..\..\..\inc\base\log.h">
      <Filter>inc\base</Filter>
    </ClInclude>
    <ClInclude Include="..\..\..\inc\base\lock.h">
      <Filter>inc\base</Filter>
    </ClInclude>
    <ClInclude Include="..\..\..\inc\audio\audio.h">
      <Filter>inc\audio</Filter>
    </ClInclude>
    <ClInclude Include="..\..\..\inc\base\com.h">
      <Filter>inc\base</Filter>
    </ClInclude>
  </ItemGroup>
</Project>